
Microsoft Visual Studio Solution File, Format Version 12.00
# Visual Studio 14
VisualStudioVersion = 14.0.25420.1
MinimumVisualStudioVersion = 10.0.40219.1
Project("{FAE04EC0-301F-11D3-BF4B-00C04F79EFBC}") = "MyCert.Web", "MyCert.Web\MyCert.Web.csproj", "{21807BA6-2105-4959-8165-F31EF0182FF3}"
EndProject
Project("{FAE04EC0-301F-11D3-BF4B-00C04F79EFBC}") = "MyCert.Data", "MyCert.Data\MyCert.Data.csproj", "{CCC52FE0-59E4-4AD8-9570-B7D6F5F3F4E3}"
EndProject
Project("{FAE04EC0-301F-11D3-BF4B-00C04F79EFBC}") = "MyCert.Repository", "MyCert.Repository\MyCert.Repository.csproj", "{39721CA8-FDA6-442C-8333-937A5C13CAF9}"
EndProject
Project("{FAE04EC0-301F-11D3-BF4B-00C04F79EFBC}") = "MyCert.Services", "MyCert.Services\MyCert.Services.csproj", "{FECC1E68-7BC5-4CD2-AC77-9C9229200458}"
EndProject
Project("{FAE04EC0-301F-11D3-BF4B-00C04F79EFBC}") = "MyCert.Admin", "MyCert.Admin\MyCert.Admin.csproj", "{14F3CCD0-784A-4A87-89E2-0EADB1FBE1AC}"
EndProject
Global
	GlobalSection(SolutionConfigurationPlatforms) = preSolution
		Debug|Any CPU = Debug|Any CPU
		Release|Any CPU = Release|Any CPU
	EndGlobalSection
	GlobalSection(ProjectConfigurationPlatforms) = postSolution
		{21807BA6-2105-4959-8165-F31EF0182FF3}.Debug|Any CPU.ActiveCfg = Debug|Any CPU
		{21807BA6-2105-4959-8165-F31EF0182FF3}.Debug|Any CPU.Build.0 = Debug|Any CPU
		{21807BA6-2105-4959-8165-F31EF0182FF3}.Release|Any CPU.ActiveCfg = Release|Any CPU
		{21807BA6-2105-4959-8165-F31EF0182FF3}.Release|Any CPU.Build.0 = Release|Any CPU
		{CCC52FE0-59E4-4AD8-9570-B7D6F5F3F4E3}.Debug|Any CPU.ActiveCfg = Debug|Any CPU
		{CCC52FE0-59E4-4AD8-9570-B7D6F5F3F4E3}.Debug|Any CPU.Build.0 = Debug|Any CPU
		{CCC52FE0-59E4-4AD8-9570-B7D6F5F3F4E3}.Release|Any CPU.ActiveCfg = Release|Any CPU
		{CCC52FE0-59E4-4AD8-9570-B7D6F5F3F4E3}.Release|Any CPU.Build.0 = Release|Any CPU
		{39721CA8-FDA6-442C-8333-937A5C13CAF9}.Debug|Any CPU.ActiveCfg = Debug|Any CPU
		{39721CA8-FDA6-442C-8333-937A5C13CAF9}.Debug|Any CPU.Build.0 = Debug|Any CPU
		{39721CA8-FDA6-442C-8333-937A5C13CAF9}.Release|Any CPU.ActiveCfg = Release|Any CPU
		{39721CA8-FDA6-442C-8333-937A5C13CAF9}.Release|Any CPU.Build.0 = Release|Any CPU
		{FECC1E68-7BC5-4CD2-AC77-9C9229200458}.Debug|Any CPU.ActiveCfg = Debug|Any CPU
		{FECC1E68-7BC5-4CD2-AC77-9C9229200458}.Debug|Any CPU.Build.0 = Debug|Any CPU
		{FECC1E68-7BC5-4CD2-AC77-9C9229200458}.Release|Any CPU.ActiveCfg = Release|Any CPU
		{FECC1E68-7BC5-4CD2-AC77-9C9229200458}.Release|Any CPU.Build.0 = Release|Any CPU
		{14F3CCD0-784A-4A87-89E2-0EADB1FBE1AC}.Debug|Any CPU.ActiveCfg = Debug|Any CPU
		{14F3CCD0-784A-4A87-89E2-0EADB1FBE1AC}.Debug|Any CPU.Build.0 = Debug|Any CPU
		{14F3CCD0-784A-4A87-89E2-0EADB1FBE1AC}.Release|Any CPU.ActiveCfg = Release|Any CPU
		{14F3CCD0-784A-4A87-89E2-0EADB1FBE1AC}.Release|Any CPU.Build.0 = Release|Any CPU
	EndGlobalSection
	GlobalSection(SolutionProperties) = preSolution
		HideSolutionNode = FALSE
	EndGlobalSection
EndGlobal
